
Microsoft Visual Studio Solution File, Format Version 12.00
# Visual Studio Version 17
VisualStudioVersion = 17.11.35303.130
MinimumVisualStudioVersion = 10.0.40219.1
Project("{FAE04EC0-301F-11D3-BF4B-00C04F79EFBC}") = "LabFilters", "LabFilters\LabFilters.csproj", "{B95081B0-E35C-459F-81E1-04119C16EFDC}"
EndProject
Global
	GlobalSection(SolutionConfigurationPlatforms) = preSolution
		Debug|Any CPU = Debug|Any CPU
		Release|Any CPU = Release|Any CPU
	EndGlobalSection
	GlobalSection(ProjectConfigurationPlatforms) = postSolution
		{B95081B0-E35C-459F-81E1-04119C16EFDC}.Debug|Any CPU.ActiveCfg = Debug|Any CPU
		{B95081B0-E35C-459F-81E1-04119C16EFDC}.Debug|Any CPU.Build.0 = Debug|Any CPU
		{B95081B0-E35C-459F-81E1-04119C16EFDC}.Release|Any CPU.ActiveCfg = Release|Any CPU
		{B95081B0-E35C-459F-81E1-04119C16EFDC}.Release|Any CPU.Build.0 = Release|Any CPU
	EndGlobalSection
	GlobalSection(SolutionProperties) = preSolution
		HideSolutionNode = FALSE
	EndGlobalSection
	GlobalSection(ExtensibilityGlobals) = postSolution
		SolutionGuid = {63692E07-F1B1-4B88-A476-813D19CB82A0}
	EndGlobalSection
EndGlobal
